// !$*UTF8*$!
{
	archiveVersion = 1;
	classes = {
	};
	objectVersion = 46;
	objects = {

/* Begin PBXBuildFile section */
		CCC717881C42EACE008060BB /* AppDelegate.swift in Sources */ = {isa = PBXBuildFile; fileRef = CCC717871C42EACE008060BB /* AppDelegate.swift */; };
		CCC7178A1C42EACE008060BB /* ViewController.swift in Sources */ = {isa = PBXBuildFile; fileRef = CCC717891C42EACE008060BB /* ViewController.swift */; };
		CCC7178D1C42EACE008060BB /* Main.storyboard in Resources */ = {isa = PBXBuildFile; fileRef = CCC7178B1C42EACE008060BB /* Main.storyboard */; };
		CCC7178F1C42EACE008060BB /* Assets.xcassets in Resources */ = {isa = PBXBuildFile; fileRef = CCC7178E1C42EACE008060BB /* Assets.xcassets */; };
		CCC717921C42EACE008060BB /* LaunchScreen.storyboard in Resources */ = {isa = PBXBuildFile; fileRef = CCC717901C42EACE008060BB /* LaunchScreen.storyboard */; };
		CCC7179D1C42EACE008060BB /* FoodTrackerTests.swift in Sources */ = {isa = PBXBuildFile; fileRef = CCC7179C1C42EACE008060BB /* FoodTrackerTests.swift */; };
/* End PBXBuildFile section */

/* Begin PBXContainerItemProxy section */
		CCC717991C42EACE008060BB /* PBXContainerItemProxy */ = {
			isa = PBXContainerItemProxy;
			containerPortal = CCC7177C1C42EACD008060BB /* Project object */;
			proxyType = 1;
			remoteGlobalIDString = CCC717831C42EACE008060BB;
			remoteInfo = FoodTracker;
		};
/* End PBXContainerItemProxy section */

/* Begin PBXFileReference section */
		CCC717841C42EACE008060BB /* FoodTracker.app */ = {isa = PBXFileReference; explicitFileType = wrapper.application; includeInIndex = 0; path = FoodTracker.app; sourceTree = BUILT_PRODUCTS_DIR; };
		CCC717871C42EACE008060BB /* AppDelegate.swift */ = {isa = PBXFileReference; lastKnownFileType = sourcecode.swift; path = AppDelegate.swift; sourceTree = "<group>"; };
		CCC717891C42EACE008060BB /* ViewController.swift */ = {isa = PBXFileReference; lastKnownFileType = sourcecode.swift; path = ViewController.swift; sourceTree = "<group>"; };
		CCC7178C1C42EACE008060BB /* Base */ = {isa = PBXFileReference; lastKnownFileType = file.storyboard; name = Base; path = Base.lproj/Main.storyboard; sourceTree = "<group>"; };
		CCC7178E1C42EACE008060BB /* Assets.xcassets */ = {isa = PBXFileReference; lastKnownFileType = folder.assetcatalog; path = Assets.xcassets; sourceTree = "<group>"; };
		CCC717911C42EACE008060BB /* Base */ = {isa = PBXFileReference; lastKnownFileType = file.storyboard; name = Base; path = Base.lproj/LaunchScreen.storyboard; sourceTree = "<group>"; };
		CCC717931C42EACE008060BB /* Info.plist */ = {isa = PBXFileReference; lastKnownFileType = text.plist.xml; path = Info.plist; sourceTree = "<group>"; };
		CCC717981C42EACE008060BB /* FoodTrackerTests.xctest */ = {isa = PBXFileReference; explicitFileType = wrapper.cfbundle; includeInIndex = 0; path = FoodTrackerTests.xctest; sourceTree = BUILT_PRODUCTS_DIR; };
		CCC7179C1C42EACE008060BB /* FoodTrackerTests.swift */ = {isa = PBXFileReference; lastKnownFileType = sourcecode.swift; path = FoodTrackerTests.swift; sourceTree = "<group>"; };
		CCC7179E1C42EACE008060BB /* Info.plist */ = {isa = PBXFileReference; lastKnownFileType = text.plist.xml; path = Info.plist; sourceTree = "<group>"; };
/* End PBXFileReference section */

/* Begin PBXFrameworksBuildPhase section */
		CCC717811C42EACE008060BB /* Frameworks */ = {
			isa = PBXFrameworksBuildPhase;
			buildActionMask = 2147483647;
			files = (
			);
			runOnlyForDeploymentPostprocessing = 0;
		};
		CCC717951C42EACE008060BB /* Frameworks */ = {
			isa = PBXFrameworksBuildPhase;
			buildActionMask = 2147483647;
			files = (
			);
			runOnlyForDeploymentPostprocessing = 0;
		};
/* End PBXFrameworksBuildPhase section */

/* Begin PBXGroup section */
		CCC7177B1C42EACD008060BB = {
			isa = PBXGroup;
			children = (
				CCC717861C42EACE008060BB /* FoodTracker */,
				CCC7179B1C42EACE008060BB /* FoodTrackerTests */,
				CCC717851C42EACE008060BB /* Products */,
			);
			sourceTree = "<group>";
		};
		CCC717851C42EACE008060BB /* Products */ = {
			isa = PBXGroup;
			children = (
				CCC717841C42EACE008060BB /* FoodTracker.app */,
				CCC717981C42EACE008060BB /* FoodTrackerTests.xctest */,
			);
			name = Products;
			sourceTree = "<group>";
		};
		CCC717861C42EACE008060BB /* FoodTracker */ = {
			isa = PBXGroup;
			children = (
				CCC717871C42EACE008060BB /* AppDelegate.swift */,
				CCC717891C42EACE008060BB /* ViewController.swift */,
				CCC7178B1C42EACE008060BB /* Main.storyboard */,
				CCC7178E1C42EACE008060BB /* Assets.xcassets */,
				CCC717901C42EACE008060BB /* LaunchScreen.storyboard */,
				CCC717931C42EACE008060BB /* Info.plist */,
			);
			path = FoodTracker;
			sourceTree = "<group>";
		};
		CCC7179B1C42EACE008060BB /* FoodTrackerTests */ = {
			isa = PBXGroup;
			children = (
				CCC7179C1C42EACE008060BB /* FoodTrackerTests.swift */,
				CCC7179E1C42EACE008060BB /* Info.plist */,
			);
			path = FoodTrackerTests;
			sourceTree = "<group>";
		};
/* End PBXGroup section */

/* Begin PBXNativeTarget section */
		CCC717831C42EACE008060BB /* FoodTracker */ = {
			isa = PBXNativeTarget;
			buildConfigurationList = CCC717A11C42EACE008060BB /* Build configuration list for PBXNativeTarget "FoodTracker" */;
			buildPhases = (
				CCC717801C42EACE008060BB /* Sources */,
				CCC717811C42EACE008060BB /* Frameworks */,
				CCC717821C42EACE008060BB /* Resources */,
			);
			buildRules = (
			);
			dependencies = (
			);
			name = FoodTracker;
			productName = FoodTracker;
			productReference = CCC717841C42EACE008060BB /* FoodTracker.app */;
			productType = "com.apple.product-type.application";
		};
		CCC717971C42EACE008060BB /* FoodTrackerTests */ = {
			isa = PBXNativeTarget;
			buildConfigurationList = CCC717A41C42EACE008060BB /* Build configuration list for PBXNativeTarget "FoodTrackerTests" */;
			buildPhases = (
				CCC717941C42EACE008060BB /* Sources */,
				CCC717951C42EACE008060BB /* Frameworks */,
				CCC717961C42EACE008060BB /* Resources */,
			);
			buildRules = (
			);
			dependencies = (
				CCC7179A1C42EACE008060BB /* PBXTargetDependency */,
			);
			name = FoodTrackerTests;
			productName = FoodTrackerTests;
			productReference = CCC717981C42EACE008060BB /* FoodTrackerTests.xctest */;
			productType = "com.apple.product-type.bundle.unit-test";
		};
/* End PBXNativeTarget section */

/* Begin PBXProject section */
		CCC7177C1C42EACD008060BB /* Project object */ = {
			isa = PBXProject;
			attributes = {
				LastSwiftUpdateCheck = 0720;
				LastUpgradeCheck = 0720;
				ORGANIZATIONNAME = "Daniel Campbell";
				TargetAttributes = {
					CCC717831C42EACE008060BB = {
						CreatedOnToolsVersion = 7.2;
						DevelopmentTeam = 5G7HZK5TTW;
					};
					CCC717971C42EACE008060BB = {
						CreatedOnToolsVersion = 7.2;
						DevelopmentTeam = 5G7HZK5TTW;
						TestTargetID = CCC717831C42EACE008060BB;
					};
				};
			};
			buildConfigurationList = CCC7177F1C42EACD008060BB /* Build configuration list for PBXProject "FoodTracker" */;
			compatibilityVersion = "Xcode 3.2";
			developmentRegion = English;
			hasScannedForEncodings = 0;
			knownRegions = (
				en,
				Base,
			);
			mainGroup = CCC7177B1C42EACD008060BB;
			productRefGroup = CCC717851C42EACE008060BB /* Products */;
			projectDirPath = "";
			projectRoot = "";
			targets = (
				CCC717831C42EACE008060BB /* FoodTracker */,
				CCC717971C42EACE008060BB /* FoodTrackerTests */,
			);
		};
/* End PBXProject section */

/* Begin PBXResourcesBuildPhase section */
		CCC717821C42EACE008060BB /* Resources */ = {
			isa = PBXResourcesBuildPhase;
			buildActionMask = 2147483647;
			files = (
				CCC717921C42EACE008060BB /* LaunchScreen.storyboard in Resources */,
				CCC7178F1C42EACE008060BB /* Assets.xcassets in Resources */,
				CCC7178D1C42EACE008060BB /* Main.storyboard in Resources */,
			);
			runOnlyForDeploymentPostprocessing = 0;
		};
		CCC717961C42EACE008060BB /* Resources */ = {
			isa = PBXResourcesBuildPhase;
			buildActionMask = 2147483647;
			files = (
			);
			runOnlyForDeploymentPostprocessing = 0;
		};
/* End PBXResourcesBuildPhase section */

/* Begin PBXSourcesBuildPhase section */
		CCC717801C42EACE008060BB /* Sources */ = {
			isa = PBXSourcesBuildPhase;
			buildActionMask = 2147483647;
			files = (
				CCC7178A1C42EACE008060BB /* ViewController.swift in Sources */,
				CCC717881C42EACE008060BB /* AppDelegate.swift in Sources */,
			);
			runOnlyForDeploymentPostprocessing = 0;
		};
		CCC717941C42EACE008060BB /* Sources */ = {
			isa = PBXSourcesBuildPhase;
			buildActionMask = 2147483647;
			files = (
				CCC7179D1C42EACE008060BB /* FoodTrackerTests.swift in Sources */,
			);
			runOnlyForDeploymentPostprocessing = 0;
		};
/* End PBXSourcesBuildPhase section */

/* Begin PBXTargetDependency section */
		CCC7179A1C42EACE008060BB /* PBXTargetDependency */ = {
			isa = PBXTargetDependency;
			target = CCC717831C42EACE008060BB /* FoodTracker */;
			targetProxy = CCC717991C42EACE008060BB /* PBXContainerItemProxy */;
		};
/* End PBXTargetDependency section */

/* Begin PBXVariantGroup section */
		CCC7178B1C42EACE008060BB /* Main.storyboard */ = {
			isa = PBXVariantGroup;
			children = (
				CCC7178C1C42EACE008060BB /* Base */,
			);
			name = Main.storyboard;
			sourceTree = "<group>";
		};
		CCC717901C42EACE008060BB /* LaunchScreen.storyboard */ = {
			isa = PBXVariantGroup;
			children = (
				CCC717911C42EACE008060BB /* Base */,
			);
			name = LaunchScreen.storyboard;
			sourceTree = "<group>";
		};
/* End PBXVariantGroup section */

/* Begin XCBuildConfiguration section */
		CCC7179F1C42EACE008060BB /* Debug */ = {
			isa = XCBuildConfiguration;
			buildSettings = {
				ALWAYS_SEARCH_USER_PATHS = NO;
				CLANG_CXX_LANGUAGE_STANDARD = "gnu++0x";
				CLANG_CXX_LIBRARY = "libc++";
				CLANG_ENABLE_MODULES = YES;
				CLANG_ENABLE_OBJC_ARC = YES;
				CLANG_WARN_BOOL_CONVERSION = YES;
				CLANG_WARN_CONSTANT_CONVERSION = YES;
				CLANG_WARN_DIRECT_OBJC_ISA_USAGE = YES_ERROR;
				CLANG_WARN_EMPTY_BODY = YES;
				CLANG_WARN_ENUM_CONVERSION = YES;
				CLANG_WARN_INT_CONVERSION = YES;
				CLANG_WARN_OBJC_ROOT_CLASS = YES_ERROR;
				CLANG_WARN_UNREACHABLE_CODE = YES;
				CLANG_WARN__DUPLICATE_METHOD_MATCH = YES;
				"CODE_SIGN_IDENTITY[sdk=iphoneos*]" = "iPhone Developer";
				COPY_PHASE_STRIP = NO;
				DEBUG_INFORMATION_FORMAT = dwarf;
				ENABLE_STRICT_OBJC_MSGSEND = YES;
				ENABLE_TESTABILITY = YES;
				GCC_C_LANGUAGE_STANDARD = gnu99;
				GCC_DYNAMIC_NO_PIC = NO;
				GCC_NO_COMMON_BLOCKS = YES;
				GCC_OPTIMIZATION_LEVEL = 0;
				GCC_PREPROCESSOR_DEFINITIONS = (
					"DEBUG=1",
					"$(inherited)",
				);
				GCC_WARN_64_TO_32_BIT_CONVERSION = YES;
				GCC_WARN_ABOUT_RETURN_TYPE = YES_ERROR;
				GCC_WARN_UNDECLARED_SELECTOR = YES;
				GCC_WARN_UNINITIALIZED_AUTOS = YES_AGGRESSIVE;
				GCC_WARN_UNUSED_FUNCTION = YES;
				GCC_WARN_UNUSED_VARIABLE = YES;
				IPHONEOS_DEPLOYMENT_TARGET = 9.2;
				MTL_ENABLE_DEBUG_INFO = YES;
				ONLY_ACTIVE_ARCH = YES;
				SDKROOT = iphoneos;
				SWIFT_OPTIMIZATION_LEVEL = "-Onone";
				TARGETED_DEVICE_FAMILY = "1,2";
			};
			name = Debug;
		};
		CCC717A01C42EACE008060BB /* Release */ = {
			isa = XCBuildConfiguration;
			buildSettings = {
				ALWAYS_SEARCH_USER_PATHS = NO;
				CLANG_CXX_LANGUAGE_STANDARD = "gnu++0x";
				CLANG_CXX_LIBRARY = "libc++";
				CLANG_ENABLE_MODULES = YES;
				CLANG_ENABLE_OBJC_ARC = YES;
				CLANG_WARN_BOOL_CONVERSION = YES;
				CLANG_WARN_CONSTANT_CONVERSION = YES;
				CLANG_WARN_DIRECT_OBJC_ISA_USAGE = YES_ERROR;
				CLANG_WARN_EMPTY_BODY = YES;
				CLANG_WARN_ENUM_CONVERSION = YES;
				CLANG_WARN_INT_CONVERSION = YES;
				CLANG_WARN_OBJC_ROOT_CLASS = YES_ERROR;
				CLANG_WARN_UNREACHABLE_CODE = YES;
				CLANG_WARN__DUPLICATE_METHOD_MATCH = YES;
				"CODE_SIGN_IDENTITY[sdk=iphoneos*]" = "iPhone Developer";
				COPY_PHASE_STRIP = NO;
				DEBUG_INFORMATION_FORMAT = "dwarf-with-dsym";
				ENABLE_NS_ASSERTIONS = NO;
				ENABLE_STRICT_OBJC_MSGSEND = YES;
				GCC_C_LANGUAGE_STANDARD = gnu99;
				GCC_NO_COMMON_BLOCKS = YES;
				GCC_WARN_64_TO_32_BIT_CONVERSION = YES;
				GCC_WARN_ABOUT_RETURN_TYPE = YES_ERROR;
				GCC_WARN_UNDECLARED_SELECTOR = YES;
				GCC_WARN_UNINITIALIZED_AUTOS = YES_AGGRESSIVE;
				GCC_WARN_UNUSED_FUNCTION = YES;
				GCC_WARN_UNUSED_VARIABLE = YES;
				IPHONEOS_DEPLOYMENT_TARGET = 9.2;
				MTL_ENABLE_DEBUG_INFO = NO;
				SDKROOT = iphoneos;
				TARGETED_DEVICE_FAMILY = "1,2";
				VALIDATE_PRODUCT = YES;
			};
			name = Release;
		};
		CCC717A21C42EACE008060BB /* Debug */ = {
			isa = XCBuildConfiguration;
			buildSettings = {
				ASSETCATALOG_COMPILER_APPICON_NAME = AppIcon;
				INFOPLIST_FILE = FoodTracker/Info.plist;
				LD_RUNPATH_SEARCH_PATHS = "$(inherited) @executable_path/Frameworks";
				PRODUCT_BUNDLE_IDENTIFIER = com.dancamp.FoodTracker;
				PRODUCT_NAME = "$(TARGET_NAME)";
			};
			name = Debug;
		};
		CCC717A31C42EACE008060BB /* Release */ = {
			isa = XCBuildConfiguration;
			buildSettings = {
				ASSETCATALOG_COMPILER_APPICON_NAME = AppIcon;
				INFOPLIST_FILE = FoodTracker/Info.plist;
				LD_RUNPATH_SEARCH_PATHS = "$(inherited) @executable_path/Frameworks";
				PRODUCT_BUNDLE_IDENTIFIER = com.dancamp.FoodTracker;
				PRODUCT_NAME = "$(TARGET_NAME)";
			};
			name = Release;
		};
		CCC717A51C42EACE008060BB /* Debug */ = {
			isa = XCBuildConfiguration;
			buildSettings = {
				BUNDLE_LOADER = "$(TEST_HOST)";
				INFOPLIST_FILE = FoodTrackerTests/Info.plist;
				LD_RUNPATH_SEARCH_PATHS = "$(inherited) @executable_path/Frameworks @loader_path/Frameworks";
				PRODUCT_BUNDLE_IDENTIFIER = com.dancamp.FoodTrackerTests;
				PRODUCT_NAME = "$(TARGET_NAME)";
				TEST_HOST = "$(BUILT_PRODUCTS_DIR)/FoodTracker.app/FoodTracker";
			};
			name = Debug;
		};
		CCC717A61C42EACE008060BB /* Release */ = {
			isa = XCBuildConfiguration;
			buildSettings = {
				BUNDLE_LOADER = "$(TEST_HOST)";
				INFOPLIST_FILE = FoodTrackerTests/Info.plist;
				LD_RUNPATH_SEARCH_PATHS = "$(inherited) @executable_path/Frameworks @loader_path/Frameworks";
				PRODUCT_BUNDLE_IDENTIFIER = com.dancamp.FoodTrackerTests;
				PRODUCT_NAME = "$(TARGET_NAME)";
				TEST_HOST = "$(BUILT_PRODUCTS_DIR)/FoodTracker.app/FoodTracker";
			};
			name = Release;
		};
/* End XCBuildConfiguration section */

/* Begin XCConfigurationList section */
		CCC7177F1C42EACD008060BB /* Build configuration list for PBXProject "FoodTracker" */ = {
			isa = XCConfigurationList;
			buildConfigurations = (
				CCC7179F1C42EACE008060BB /* Debug */,
				CCC717A01C42EACE008060BB /* Release */,
			);
			defaultConfigurationIsVisible = 0;
			defaultConfigurationName = Release;
		};
		CCC717A11C42EACE008060BB /* Build configuration list for PBXNativeTarget "FoodTracker" */ = {
			isa = XCConfigurationList;
			buildConfigurations = (
				CCC717A21C42EACE008060BB /* Debug */,
				CCC717A31C42EACE008060BB /* Release */,
			);
			defaultConfigurationIsVisible = 0;
		};
		CCC717A41C42EACE008060BB /* Build configuration list for PBXNativeTarget "FoodTrackerTests" */ = {
			isa = XCConfigurationList;
			buildConfigurations = (
				CCC717A51C42EACE008060BB /* Debug */,
				CCC717A61C42EACE008060BB /* Release */,
			);
			defaultConfigurationIsVisible = 0;
		};
/* End XCConfigurationList section */
	};
	rootObject = CCC7177C1C42EACD008060BB /* Project object */;
}
